# THIS IS AN AUTOGENERATED FILE. DO NOT EDIT THIS FILE DIRECTLY.
# yarn lockfile v1


"@types/node-cmd@^3.0.7":
  version "5.0.0"
  resolved "https://registry.yarnpkg.com/@types/node-cmd/-/node-cmd-5.0.0.tgz#28dbed49b40bfd9d88c7ef2d03c2fda1b91d1e3c"
  integrity sha512-HqBUPplSDx6GwrY0DABs5VwRRyGxVy053WqFpClTmt9hONe4dq8rWpuVS/WeDZzEV3XCb8BByxRrGvtBpqJ+kw==
  dependencies:
    "@types/node" "*"

"@types/node@*":
  version "22.14.0"
  resolved "https://registry.yarnpkg.com/@types/node/-/node-22.14.0.tgz#d3bfa3936fef0dbacd79ea3eb17d521c628bb47e"
  integrity sha512-Kmpl+z84ILoG+3T/zQFyAJsU6EPTmOCj8/2+83fSN6djd6I4o7uOuGIH6vq3PrjY5BGitSbFuMN18j3iknubbA==
  dependencies:
    undici-types "~6.21.0"

"@types/node@^20.11.24":
  version "20.17.30"
  resolved "https://registry.yarnpkg.com/@types/node/-/node-20.17.30.tgz#1d93f656d3b869dbef7b796568ac457606ba58d0"
  integrity sha512-7zf4YyHA+jvBNfVrk2Gtvs6x7E8V+YDW05bNfG2XkWDJfYRXrTiP/DsB2zSYTaHX0bGIujTBQdMVAhb+j7mwpg==
  dependencies:
    undici-types "~6.19.2"

node-cmd@^5.0.0:
  version "5.0.0"
  resolved "https://registry.yarnpkg.com/node-cmd/-/node-cmd-5.0.0.tgz#a4a850b569e009bec0199a131c9db607144fdbc0"
  integrity sha512-4sQTJmsS5uZKAPz/Df9fnIbmvOySfGdW+UreH4X5NcAOOpKjaE+K5wf4ehNBbZVPo0vQ36RkRnhhsXXJAT+Syw==

typescript@^5.3.3:
  version "5.8.3"
  resolved "https://registry.yarnpkg.com/typescript/-/typescript-5.8.3.tgz#92f8a3e5e3cf497356f4178c34cd65a7f5e8440e"
  integrity sha512-p1diW6TqL9L07nNxvRMM7hMMw4c5XOo/1ibL4aAIGmSAt9slTE1Xgw5KWuof2uTOvCg9BY7ZRi+GaF+7sfgPeQ==

undici-types@~6.19.2:
  version "6.19.8"
  resolved "https://registry.yarnpkg.com/undici-types/-/undici-types-6.19.8.tgz#35111c9d1437ab83a7cdc0abae2f26d88eda0a02"
  integrity sha512-ve2KP6f/JnbPBFyobGHuerC9g1FYGn/F8n1LWTwNxCEzd6IfqTwUQcNXgEtmmQ6DlRrC1hrSrBnCZPokRrDHjw==

undici-types@~6.21.0:
  version "6.21.0"
  resolved "https://registry.yarnpkg.com/undici-types/-/undici-types-6.21.0.tgz#691d00af3909be93a7faa13be61b3a5b50ef12cb"
  integrity sha512-iwDZqg0QAGrg9Rav5H4n0M64c3mkR59cJ6wQp+7C4nI0gsmExaedaYLNO44eT4AtBBwjbTiGPMlt2Md0T9H9JQ==
